
Microsoft Visual Studio Solution File, Format Version 10.00
# Visual Studio 2008
Project("{E24C65DC-7377-472B-9ABA-BC803B73C61A}") = "BarMSWeb", "BarMSWeb", "{3FF51047-715F-483D-A792-DE1B057D2CF3}"
	ProjectSection(WebsiteProperties) = preProject
		SccProjectName = ""$/BarMSWeb.root/BarMSWeb", QSWLAAAA"
		SccAuxPath = ""
		SccLocalPath = ".."
		SccProvider = "MSSCCI:Microsoft Visual SourceSafe"
		TargetFramework = "3.5"
		ProjectReferences = "{AEA6FB1C-27B8-4F28-BADF-EE6ECC824EE6}|LC.Model.BMS.dll;"
		Debug.AspNetCompiler.VirtualPath = "/BarMSWeb"
		Debug.AspNetCompiler.PhysicalPath = "BarMSWeb\"
		Debug.AspNetCompiler.TargetPath = "PrecompiledWeb\BarMSWeb\"
		Debug.AspNetCompiler.Updateable = "true"
		Debug.AspNetCompiler.ForceOverwrite = "true"
		Debug.AspNetCompiler.FixedNames = "false"
		Debug.AspNetCompiler.Debug = "True"
		Release.AspNetCompiler.VirtualPath = "/BarMSWeb"
		Release.AspNetCompiler.PhysicalPath = "BarMSWeb\"
		Release.AspNetCompiler.TargetPath = "PrecompiledWeb\BarMSWeb\"
		Release.AspNetCompiler.Updateable = "true"
		Release.AspNetCompiler.ForceOverwrite = "true"
		Release.AspNetCompiler.FixedNames = "false"
		Release.AspNetCompiler.Debug = "False"
		VWDPort = "49260"
		DefaultWebSiteLanguage = "Visual C#"
	EndProjectSection
EndProject
Project("{FAE04EC0-301F-11D3-BF4B-00C04F79EFBC}") = "LC.Model.BMS", "LC.Model.BMS\LC.Model.BMS\LC.Model.BMS.csproj", "{AEA6FB1C-27B8-4F28-BADF-EE6ECC824EE6}"
EndProject
Global
	GlobalSection(SourceCodeControl) = preSolution
		SccNumberOfProjects = 3
		SccLocalPath0 = .
		SccProjectUniqueName1 = LC.Model.BMS\\LC.Model.BMS\\LC.Model.BMS.csproj
		SccLocalPath1 = .
		SccProjectFilePathRelativizedFromConnection1 = LC.Model.BMS\\LC.Model.BMS\\
		SccWebProject2 = true
		SccProjectUniqueName2 = BarMSWeb
		SccLocalPath2 = .
		SccProjectFilePathRelativizedFromConnection2 = BarMSWeb\\
		SccProjectEnlistmentChoice2 = 2
	EndGlobalSection
	GlobalSection(SolutionConfigurationPlatforms) = preSolution
		Debug|.NET = Debug|.NET
		Debug|Any CPU = Debug|Any CPU
		Debug|Mixed Platforms = Debug|Mixed Platforms
		Release|.NET = Release|.NET
		Release|Any CPU = Release|Any CPU
		Release|Mixed Platforms = Release|Mixed Platforms
	EndGlobalSection
	GlobalSection(ProjectConfigurationPlatforms) = postSolution
		{3FF51047-715F-483D-A792-DE1B057D2CF3}.Debug|.NET.ActiveCfg = Debug|.NET
		{3FF51047-715F-483D-A792-DE1B057D2CF3}.Debug|.NET.Build.0 = Debug|.NET
		{3FF51047-715F-483D-A792-DE1B057D2CF3}.Debug|Any CPU.ActiveCfg = Debug|.NET
		{3FF51047-715F-483D-A792-DE1B057D2CF3}.Debug|Mixed Platforms.ActiveCfg = Debug|.NET
		{3FF51047-715F-483D-A792-DE1B057D2CF3}.Debug|Mixed Platforms.Build.0 = Debug|.NET
		{3FF51047-715F-483D-A792-DE1B057D2CF3}.Release|.NET.ActiveCfg = Debug|.NET
		{3FF51047-715F-483D-A792-DE1B057D2CF3}.Release|.NET.Build.0 = Debug|.NET
		{3FF51047-715F-483D-A792-DE1B057D2CF3}.Release|Any CPU.ActiveCfg = Debug|.NET
		{3FF51047-715F-483D-A792-DE1B057D2CF3}.Release|Mixed Platforms.ActiveCfg = Debug|.NET
		{3FF51047-715F-483D-A792-DE1B057D2CF3}.Release|Mixed Platforms.Build.0 = Debug|.NET
		{AEA6FB1C-27B8-4F28-BADF-EE6ECC824EE6}.Debug|.NET.ActiveCfg = Debug|Any CPU
		{AEA6FB1C-27B8-4F28-BADF-EE6ECC824EE6}.Debug|Any CPU.ActiveCfg = Debug|Any CPU
		{AEA6FB1C-27B8-4F28-BADF-EE6ECC824EE6}.Debug|Any CPU.Build.0 = Debug|Any CPU
		{AEA6FB1C-27B8-4F28-BADF-EE6ECC824EE6}.Debug|Mixed Platforms.ActiveCfg = Debug|Any CPU
		{AEA6FB1C-27B8-4F28-BADF-EE6ECC824EE6}.Debug|Mixed Platforms.Build.0 = Debug|Any CPU
		{AEA6FB1C-27B8-4F28-BADF-EE6ECC824EE6}.Release|.NET.ActiveCfg = Release|Any CPU
		{AEA6FB1C-27B8-4F28-BADF-EE6ECC824EE6}.Release|Any CPU.ActiveCfg = Release|Any CPU
		{AEA6FB1C-27B8-4F28-BADF-EE6ECC824EE6}.Release|Any CPU.Build.0 = Release|Any CPU
		{AEA6FB1C-27B8-4F28-BADF-EE6ECC824EE6}.Release|Mixed Platforms.ActiveCfg = Release|Any CPU
		{AEA6FB1C-27B8-4F28-BADF-EE6ECC824EE6}.Release|Mixed Platforms.Build.0 = Release|Any CPU
	EndGlobalSection
	GlobalSection(SolutionProperties) = preSolution
		HideSolutionNode = FALSE
	EndGlobalSection
EndGlobal
